
Microsoft Visual Studio Solution File, Format Version 12.00
# Visual Studio Version 17
VisualStudioVersion = 17.1.32210.238
MinimumVisualStudioVersion = 10.0.40219.1
Project("{FAE04EC0-301F-11D3-BF4B-00C04F79EFBC}") = "Form1", "Form1\Form1.csproj", "{11259D51-FB29-4BDE-A6C2-EA5FEFC1E93D}"
EndProject
Global
	GlobalSection(SolutionConfigurationPlatforms) = preSolution
		Debug|Any CPU = Debug|Any CPU
		Release|Any CPU = Release|Any CPU
	EndGlobalSection
	GlobalSection(ProjectConfigurationPlatforms) = postSolution
		{11259D51-FB29-4BDE-A6C2-EA5FEFC1E93D}.Debug|Any CPU.ActiveCfg = Debug|Any CPU
		{11259D51-FB29-4BDE-A6C2-EA5FEFC1E93D}.Debug|Any CPU.Build.0 = Debug|Any CPU
		{11259D51-FB29-4BDE-A6C2-EA5FEFC1E93D}.Release|Any CPU.ActiveCfg = Release|Any CPU
		{11259D51-FB29-4BDE-A6C2-EA5FEFC1E93D}.Release|Any CPU.Build.0 = Release|Any CPU
	EndGlobalSection
	GlobalSection(SolutionProperties) = preSolution
		HideSolutionNode = FALSE
	EndGlobalSection
	GlobalSection(ExtensibilityGlobals) = postSolution
		SolutionGuid = {BC3B4876-99CB-49C5-B4DC-8B248CA9B4DE}
	EndGlobalSection
EndGlobal
