
Microsoft Visual Studio Solution File, Format Version 12.00
# Visual Studio Version 17
VisualStudioVersion = 17.1.32210.238
MinimumVisualStudioVersion = 10.0.40219.1
Project("{FAE04EC0-301F-11D3-BF4B-00C04F79EFBC}") = "WindowsFormsApp0216", "WindowsFormsApp0216\WindowsFormsApp0216.csproj", "{06F7FE1B-53F5-482A-8914-96314108CB64}"
EndProject
Global
	GlobalSection(SolutionConfigurationPlatforms) = preSolution
		Debug|Any CPU = Debug|Any CPU
		Release|Any CPU = Release|Any CPU
	EndGlobalSection
	GlobalSection(ProjectConfigurationPlatforms) = postSolution
		{06F7FE1B-53F5-482A-8914-96314108CB64}.Debug|Any CPU.ActiveCfg = Debug|Any CPU
		{06F7FE1B-53F5-482A-8914-96314108CB64}.Debug|Any CPU.Build.0 = Debug|Any CPU
		{06F7FE1B-53F5-482A-8914-96314108CB64}.Release|Any CPU.ActiveCfg = Release|Any CPU
		{06F7FE1B-53F5-482A-8914-96314108CB64}.Release|Any CPU.Build.0 = Release|Any CPU
	EndGlobalSection
	GlobalSection(SolutionProperties) = preSolution
		HideSolutionNode = FALSE
	EndGlobalSection
	GlobalSection(ExtensibilityGlobals) = postSolution
		SolutionGuid = {3EBFD3A6-6B28-49DF-95E9-8DBEC251A707}
	EndGlobalSection
EndGlobal
