
Microsoft Visual Studio Solution File, Format Version 12.00
# Visual Studio Version 17
VisualStudioVersion = 17.0.31912.275
MinimumVisualStudioVersion = 10.0.40219.1
Project("{FAE04EC0-301F-11D3-BF4B-00C04F79EFBC}") = "winform0302_2", "winform0302_2\winform0302_2.csproj", "{9887AE4A-F4AF-4499-BEE2-B48CC396EDA7}"
EndProject
Global
	GlobalSection(SolutionConfigurationPlatforms) = preSolution
		Debug|Any CPU = Debug|Any CPU
		Release|Any CPU = Release|Any CPU
	EndGlobalSection
	GlobalSection(ProjectConfigurationPlatforms) = postSolution
		{9887AE4A-F4AF-4499-BEE2-B48CC396EDA7}.Debug|Any CPU.ActiveCfg = Debug|Any CPU
		{9887AE4A-F4AF-4499-BEE2-B48CC396EDA7}.Debug|Any CPU.Build.0 = Debug|Any CPU
		{9887AE4A-F4AF-4499-BEE2-B48CC396EDA7}.Release|Any CPU.ActiveCfg = Release|Any CPU
		{9887AE4A-F4AF-4499-BEE2-B48CC396EDA7}.Release|Any CPU.Build.0 = Release|Any CPU
	EndGlobalSection
	GlobalSection(SolutionProperties) = preSolution
		HideSolutionNode = FALSE
	EndGlobalSection
	GlobalSection(ExtensibilityGlobals) = postSolution
		SolutionGuid = {572E0080-D9C9-4C22-B9EC-695C7E51D3D8}
	EndGlobalSection
EndGlobal
